
Microsoft Visual Studio Solution File, Format Version 12.00
# Visual Studio Version 16
VisualStudioVersion = 16.0.32002.261
MinimumVisualStudioVersion = 10.0.40219.1
Project("{FAE04EC0-301F-11D3-BF4B-00C04F79EFBC}") = "CSharp", "CSharp\CSharp.csproj", "{B55C4F55-5B44-4B63-A310-3FE6EEE6C36D}"
EndProject
Global
	GlobalSection(SolutionConfigurationPlatforms) = preSolution
		Debug|Any CPU = Debug|Any CPU
		Release|Any CPU = Release|Any CPU
	EndGlobalSection
	GlobalSection(ProjectConfigurationPlatforms) = postSolution
		{B55C4F55-5B44-4B63-A310-3FE6EEE6C36D}.Debug|Any CPU.ActiveCfg = Debug|Any CPU
		{B55C4F55-5B44-4B63-A310-3FE6EEE6C36D}.Debug|Any CPU.Build.0 = Debug|Any CPU
		{B55C4F55-5B44-4B63-A310-3FE6EEE6C36D}.Release|Any CPU.ActiveCfg = Release|Any CPU
		{B55C4F55-5B44-4B63-A310-3FE6EEE6C36D}.Release|Any CPU.Build.0 = Release|Any CPU
	EndGlobalSection
	GlobalSection(SolutionProperties) = preSolution
		HideSolutionNode = FALSE
	EndGlobalSection
	GlobalSection(ExtensibilityGlobals) = postSolution
		SolutionGuid = {3767F4F8-74D6-40F3-ABE9-AFE2F0ECA0BA}
	EndGlobalSection
EndGlobal
